
Microsoft Visual Studio Solution File, Format Version 12.00
# Visual Studio Version 17
VisualStudioVersion = 17.4.33103.184
MinimumVisualStudioVersion = 10.0.40219.1
Project("{9A19103F-16F7-4668-BE54-9A1E7A4F7556}") = "OptiLearn", "OptiLearn\OptiLearn.csproj", "{39A71112-1FC0-4058-A3BD-DB1E5B2D1DE4}"
EndProject
Project("{9A19103F-16F7-4668-BE54-9A1E7A4F7556}") = "Microsoft.ML.Models.BERT", "Microsoft.ML.Models.BERT\Microsoft.ML.Models.BERT.csproj", "{B7EAC818-52E0-47A1-8CFE-44274F855BEA}"
EndProject
Global
	GlobalSection(SolutionConfigurationPlatforms) = preSolution
		Debug|Any CPU = Debug|Any CPU
		Release|Any CPU = Release|Any CPU
	EndGlobalSection
	GlobalSection(ProjectConfigurationPlatforms) = postSolution
		{39A71112-1FC0-4058-A3BD-DB1E5B2D1DE4}.Debug|Any CPU.ActiveCfg = Debug|Any CPU
		{39A71112-1FC0-4058-A3BD-DB1E5B2D1DE4}.Debug|Any CPU.Build.0 = Debug|Any CPU
		{39A71112-1FC0-4058-A3BD-DB1E5B2D1DE4}.Release|Any CPU.ActiveCfg = Release|Any CPU
		{39A71112-1FC0-4058-A3BD-DB1E5B2D1DE4}.Release|Any CPU.Build.0 = Release|Any CPU
		{B7EAC818-52E0-47A1-8CFE-44274F855BEA}.Debug|Any CPU.ActiveCfg = Debug|Any CPU
		{B7EAC818-52E0-47A1-8CFE-44274F855BEA}.Debug|Any CPU.Build.0 = Debug|Any CPU
		{B7EAC818-52E0-47A1-8CFE-44274F855BEA}.Release|Any CPU.ActiveCfg = Release|Any CPU
		{B7EAC818-52E0-47A1-8CFE-44274F855BEA}.Release|Any CPU.Build.0 = Release|Any CPU
	EndGlobalSection
	GlobalSection(SolutionProperties) = preSolution
		HideSolutionNode = FALSE
	EndGlobalSection
	GlobalSection(ExtensibilityGlobals) = postSolution
		SolutionGuid = {6AFC3CE1-4EAB-40FC-9119-0E93421F48AB}
	EndGlobalSection
EndGlobal
